<?xml version="1.0" encoding="utf-8"?>
<Project ToolsVersion="4.0" xmlns="http://schemas.microsoft.com/developer/msbuild/2003">
  <ItemGroup>
    <ClCompile Include="..\..\7z_C\7zAlloc.c">
      <Filter>7-Zip\Source Files</Filter>
    </ClCompile>
    <ClCompile Include="..\..\7z_C\7zBuf.c">
      <Filter>7-Zip\Source Files</Filter>
    </ClCompile>
    <ClCompile Include="..\..\7z_C\7zBuf2.c">
      <Filter>7-Zip\Source Files</Filter>
    </ClCompile>
    <ClCompile Include="..\..\7z_C\7zCrc.c">
      <Filter>7-Zip\Source Files</Filter>
    </ClCompile>
    <ClCompile Include="..\..\7z_C\7zCrcOpt.c">
      <Filter>7-Zip\Source Files</Filter>
    </ClCompile>
    <ClCompile Include="..\..\7z_C\7zDec.c">
      <Filter>7-Zip\Source Files</Filter>
    </ClCompile>
    <ClCompile Include="..\..\7z_C\7zFile.c">
      <Filter>7-Zip\Source Files</Filter>
    </ClCompile>
    <ClCompile Include="..\..\7z_C\7zIn.c">
      <Filter>7-Zip\Source Files</Filter>
    </ClCompile>
    <ClCompile Include="..\..\7z_C\7zStream.c">
      <Filter>7-Zip\Source Files</Filter>
    </ClCompile>
    <ClCompile Include="..\..\7z_C\Alloc.c">
      <Filter>7-Zip\Source Files</Filter>
    </ClCompile>
    <ClCompile Include="..\..\7z_C\Bcj2.c">
      <Filter>7-Zip\Source Files</Filter>
    </ClCompile>
    <ClCompile Include="..\..\7z_C\Bra.c">
      <Filter>7-Zip\Source Files</Filter>
    </ClCompile>
    <ClCompile Include="..\..\7z_C\Bra86.c">
      <Filter>7-Zip\Source Files</Filter>
    </ClCompile>
    <ClCompile Include="..\..\7z_C\BraIA64.c">
      <Filter>7-Zip\Source Files</Filter>
    </ClCompile>
    <ClCompile Include="..\..\7z_C\CpuArch.c">
      <Filter>7-Zip\Source Files</Filter>
    </ClCompile>
    <ClCompile Include="..\..\7z_C\Delta.c">
      <Filter>7-Zip\Source Files</Filter>
    </ClCompile>
    <ClCompile Include="..\..\7z_C\LzFind.c">
      <Filter>7-Zip\Source Files</Filter>
    </ClCompile>
    <ClCompile Include="..\..\7z_C\LzFindMt.c">
      <Filter>7-Zip\Source Files</Filter>
    </ClCompile>
    <ClCompile Include="..\..\7z_C\Lzma2Dec.c">
      <Filter>7-Zip\Source Files</Filter>
    </ClCompile>
    <ClCompile Include="..\..\7z_C\Lzma2Enc.c">
      <Filter>7-Zip\Source Files</Filter>
    </ClCompile>
    <ClCompile Include="..\..\7z_C\Lzma86Dec.c">
      <Filter>7-Zip\Source Files</Filter>
    </ClCompile>
    <ClCompile Include="..\..\7z_C\Lzma86Enc.c">
      <Filter>7-Zip\Source Files</Filter>
    </ClCompile>
    <ClCompile Include="..\..\7z_C\LzmaDec.c">
      <Filter>7-Zip\Source Files</Filter>
    </ClCompile>
    <ClCompile Include="..\..\7z_C\LzmaEnc.c">
      <Filter>7-Zip\Source Files</Filter>
    </ClCompile>
    <ClCompile Include="..\..\7z_C\LzmaLib.c">
      <Filter>7-Zip\Source Files</Filter>
    </ClCompile>
    <ClCompile Include="..\..\7z_C\MtCoder.c">
      <Filter>7-Zip\Source Files</Filter>
    </ClCompile>
    <ClCompile Include="..\..\7z_C\Ppmd7.c">
      <Filter>7-Zip\Source Files</Filter>
    </ClCompile>
    <ClCompile Include="..\..\7z_C\Ppmd7Dec.c">
      <Filter>7-Zip\Source Files</Filter>
    </ClCompile>
    <ClCompile Include="..\..\7z_C\Ppmd7Enc.c">
      <Filter>7-Zip\Source Files</Filter>
    </ClCompile>
    <ClCompile Include="..\..\fex\Binary_Extractor.cpp">
      <Filter>Source Files</Filter>
    </ClCompile>
    <ClCompile Include="..\..\fex\blargg_common.cpp">
      <Filter>Source Files</Filter>
    </ClCompile>
    <ClCompile Include="..\..\fex\blargg_errors.cpp">
      <Filter>Source Files</Filter>
    </ClCompile>
    <ClCompile Include="..\..\fex\Data_Reader.cpp">
      <Filter>Source Files</Filter>
    </ClCompile>
    <ClCompile Include="..\..\fex\fex.cpp">
      <Filter>Source Files</Filter>
    </ClCompile>
    <ClCompile Include="..\..\fex\File_Extractor.cpp">
      <Filter>Source Files</Filter>
    </ClCompile>
    <ClCompile Include="..\..\fex\Gzip_Extractor.cpp">
      <Filter>Source Files</Filter>
    </ClCompile>
    <ClCompile Include="..\..\fex\Gzip_Reader.cpp">
      <Filter>Source Files</Filter>
    </ClCompile>
    <ClCompile Include="..\..\fex\Rar_Extractor.cpp">
      <Filter>Source Files</Filter>
    </ClCompile>
    <ClCompile Include="..\..\fex\Zip7_Extractor.cpp">
      <Filter>Source Files</Filter>
    </ClCompile>
    <ClCompile Include="..\..\fex\Zip_Extractor.cpp">
      <Filter>Source Files</Filter>
    </ClCompile>
    <ClCompile Include="..\..\fex\Zlib_Inflater.cpp">
      <Filter>Source Files</Filter>
    </ClCompile>
    <ClCompile Include="..\..\unrar\archive.cpp">
      <Filter>UnRar\Source Files</Filter>
    </ClCompile>
    <ClCompile Include="..\..\unrar\arcread.cpp">
      <Filter>UnRar\Source Files</Filter>
    </ClCompile>
    <ClCompile Include="..\..\unrar\coder.cpp">
      <Filter>UnRar\Source Files</Filter>
    </ClCompile>
    <ClCompile Include="..\..\unrar\crc.cpp">
      <Filter>UnRar\Source Files</Filter>
    </ClCompile>
    <ClCompile Include="..\..\unrar\encname.cpp">
      <Filter>UnRar\Source Files</Filter>
    </ClCompile>
    <ClCompile Include="..\..\unrar\extract.cpp">
      <Filter>UnRar\Source Files</Filter>
    </ClCompile>
    <ClCompile Include="..\..\unrar\getbits.cpp">
      <Filter>UnRar\Source Files</Filter>
    </ClCompile>
    <ClCompile Include="..\..\unrar\model.cpp">
      <Filter>UnRar\Source Files</Filter>
    </ClCompile>
    <ClCompile Include="..\..\unrar\rarvm.cpp">
      <Filter>UnRar\Source Files</Filter>
    </ClCompile>
    <ClCompile Include="..\..\unrar\rarvmtbl.cpp">
      <Filter>UnRar\Source Files</Filter>
    </ClCompile>
    <ClCompile Include="..\..\unrar\rawread.cpp">
      <Filter>UnRar\Source Files</Filter>
    </ClCompile>
    <ClCompile Include="..\..\unrar\suballoc.cpp">
      <Filter>UnRar\Source Files</Filter>
    </ClCompile>
    <ClCompile Include="..\..\unrar\unicode.cpp">
      <Filter>UnRar\Source Files</Filter>
    </ClCompile>
    <ClCompile Include="..\..\unrar\unpack.cpp">
      <Filter>UnRar\Source Files</Filter>
    </ClCompile>
    <ClCompile Include="..\..\unrar\unpack15.cpp">
      <Filter>UnRar\Source Files</Filter>
    </ClCompile>
    <ClCompile Include="..\..\unrar\unpack20.cpp">
      <Filter>UnRar\Source Files</Filter>
    </ClCompile>
    <ClCompile Include="..\..\unrar\unrar.cpp">
      <Filter>UnRar\Source Files</Filter>
    </ClCompile>
    <ClCompile Include="..\..\unrar\unrar_misc.cpp">
      <Filter>UnRar\Source Files</Filter>
    </ClCompile>
    <ClCompile Include="..\..\unrar\unrar_open.cpp">
      <Filter>UnRar\Source Files</Filter>
    </ClCompile>
    <ClCompile Include="..\..\7z_C\win32\Threads.c">
      <Filter>7-Zip\Source Files\Win32</Filter>
    </ClCompile>
  </ItemGroup>
  <ItemGroup>
    <ClInclude Include="..\..\7z_C\7z.h">
      <Filter>7-Zip\Header Files</Filter>
    </ClInclude>
    <ClInclude Include="..\..\7z_C\7zAlloc.h">
      <Filter>7-Zip\Header Files</Filter>
    </ClInclude>
    <ClInclude Include="..\..\7z_C\7zBuf.h">
      <Filter>7-Zip\Header Files</Filter>
    </ClInclude>
    <ClInclude Include="..\..\7z_C\7zCrc.h">
      <Filter>7-Zip\Header Files</Filter>
    </ClInclude>
    <ClInclude Include="..\..\7z_C\7zFile.h">
      <Filter>7-Zip\Header Files</Filter>
    </ClInclude>
    <ClInclude Include="..\..\7z_C\7zVersion.h">
      <Filter>7-Zip\Header Files</Filter>
    </ClInclude>
    <ClInclude Include="..\..\7z_C\Alloc.h">
      <Filter>7-Zip\Header Files</Filter>
    </ClInclude>
    <ClInclude Include="..\..\7z_C\Bcj2.h">
      <Filter>7-Zip\Header Files</Filter>
    </ClInclude>
    <ClInclude Include="..\..\7z_C\Bra.h">
      <Filter>7-Zip\Header Files</Filter>
    </ClInclude>
    <ClInclude Include="..\..\7z_C\CpuArch.h">
      <Filter>7-Zip\Header Files</Filter>
    </ClInclude>
    <ClInclude Include="..\..\7z_C\Delta.h">
      <Filter>7-Zip\Header Files</Filter>
    </ClInclude>
    <ClInclude Include="..\..\7z_C\LzFind.h">
      <Filter>7-Zip\Header Files</Filter>
    </ClInclude>
    <ClInclude Include="..\..\7z_C\LzFindMt.h">
      <Filter>7-Zip\Header Files</Filter>
    </ClInclude>
    <ClInclude Include="..\..\7z_C\LzHash.h">
      <Filter>7-Zip\Header Files</Filter>
    </ClInclude>
    <ClInclude Include="..\..\7z_C\Lzma2Dec.h">
      <Filter>7-Zip\Header Files</Filter>
    </ClInclude>
    <ClInclude Include="..\..\7z_C\Lzma2Enc.h">
      <Filter>7-Zip\Header Files</Filter>
    </ClInclude>
    <ClInclude Include="..\..\7z_C\Lzma86.h">
      <Filter>7-Zip\Header Files</Filter>
    </ClInclude>
    <ClInclude Include="..\..\7z_C\LzmaDec.h">
      <Filter>7-Zip\Header Files</Filter>
    </ClInclude>
    <ClInclude Include="..\..\7z_C\LzmaEnc.h">
      <Filter>7-Zip\Header Files</Filter>
    </ClInclude>
    <ClInclude Include="..\..\7z_C\LzmaLib.h">
      <Filter>7-Zip\Header Files</Filter>
    </ClInclude>
    <ClInclude Include="..\..\7z_C\MtCoder.h">
      <Filter>7-Zip\Header Files</Filter>
    </ClInclude>
    <ClInclude Include="..\..\7z_C\Ppmd.h">
      <Filter>7-Zip\Header Files</Filter>
    </ClInclude>
    <ClInclude Include="..\..\7z_C\Ppmd7.h">
      <Filter>7-Zip\Header Files</Filter>
    </ClInclude>
    <ClInclude Include="..\..\7z_C\RotateDefs.h">
      <Filter>7-Zip\Header Files</Filter>
    </ClInclude>
    <ClInclude Include="..\..\7z_C\Threads.h">
      <Filter>7-Zip\Header Files</Filter>
    </ClInclude>
    <ClInclude Include="..\..\7z_C\Types.h">
      <Filter>7-Zip\Header Files</Filter>
    </ClInclude>
    <ClInclude Include="..\..\fex\Binary_Extractor.h">
      <Filter>Header Files</Filter>
    </ClInclude>
    <ClInclude Include="..\..\fex\blargg_common.h">
      <Filter>Header Files</Filter>
    </ClInclude>
    <ClInclude Include="..\..\fex\blargg_config.h">
      <Filter>Header Files</Filter>
    </ClInclude>
    <ClInclude Include="..\..\fex\blargg_endian.h">
      <Filter>Header Files</Filter>
    </ClInclude>
    <ClInclude Include="..\..\fex\blargg_errors.h">
      <Filter>Header Files</Filter>
    </ClInclude>
    <ClInclude Include="..\..\fex\blargg_source.h">
      <Filter>Header Files</Filter>
    </ClInclude>
    <ClInclude Include="..\..\fex\Data_Reader.h">
      <Filter>Header Files</Filter>
    </ClInclude>
    <ClInclude Include="..\..\fex\fex.h">
      <Filter>Header Files</Filter>
    </ClInclude>
    <ClInclude Include="..\..\fex\File_Extractor.h">
      <Filter>Header Files</Filter>
    </ClInclude>
    <ClInclude Include="..\..\fex\Gzip_Extractor.h">
      <Filter>Header Files</Filter>
    </ClInclude>
    <ClInclude Include="..\..\fex\Gzip_Reader.h">
      <Filter>Header Files</Filter>
    </ClInclude>
    <ClInclude Include="..\..\fex\Rar_Extractor.h">
      <Filter>Header Files</Filter>
    </ClInclude>
    <ClInclude Include="..\..\fex\Zip7_Extractor.h">
      <Filter>Header Files</Filter>
    </ClInclude>
    <ClInclude Include="..\..\fex\Zip_Extractor.h">
      <Filter>Header Files</Filter>
    </ClInclude>
    <ClInclude Include="..\..\fex\Zlib_Inflater.h">
      <Filter>Header Files</Filter>
    </ClInclude>
    <ClInclude Include="..\..\unrar\archive.hpp">
      <Filter>UnRar\Header Files</Filter>
    </ClInclude>
    <ClInclude Include="..\..\unrar\array.hpp">
      <Filter>UnRar\Header Files</Filter>
    </ClInclude>
    <ClInclude Include="..\..\unrar\coder.hpp">
      <Filter>UnRar\Header Files</Filter>
    </ClInclude>
    <ClInclude Include="..\..\unrar\compress.hpp">
      <Filter>UnRar\Header Files</Filter>
    </ClInclude>
    <ClInclude Include="..\..\unrar\encname.hpp">
      <Filter>UnRar\Header Files</Filter>
    </ClInclude>
    <ClInclude Include="..\..\unrar\getbits.hpp">
      <Filter>UnRar\Header Files</Filter>
    </ClInclude>
    <ClInclude Include="..\..\unrar\headers.hpp">
      <Filter>UnRar\Header Files</Filter>
    </ClInclude>
    <ClInclude Include="..\..\unrar\model.hpp">
      <Filter>UnRar\Header Files</Filter>
    </ClInclude>
    <ClInclude Include="..\..\unrar\rar.hpp">
      <Filter>UnRar\Header Files</Filter>
    </ClInclude>
    <ClInclude Include="..\..\unrar\rarvm.hpp">
      <Filter>UnRar\Header Files</Filter>
    </ClInclude>
    <ClInclude Include="..\..\unrar\rawread.hpp">
      <Filter>UnRar\Header Files</Filter>
    </ClInclude>
    <ClInclude Include="..\..\unrar\suballoc.hpp">
      <Filter>UnRar\Header Files</Filter>
    </ClInclude>
    <ClInclude Include="..\..\unrar\unicode.hpp">
      <Filter>UnRar\Header Files</Filter>
    </ClInclude>
    <ClInclude Include="..\..\unrar\unpack.hpp">
      <Filter>UnRar\Header Files</Filter>
    </ClInclude>
    <ClInclude Include="..\..\unrar\unrar.h">
      <Filter>UnRar\Header Files</Filter>
    </ClInclude>
    <ClInclude Include="..\..\7z_C\win32\Threads.h">
      <Filter>7-Zip\Header Files\Win32</Filter>
    </ClInclude>
  </ItemGroup>
  <ItemGroup>
    <None Include="..\..\unrar\changes.txt">
      <Filter>UnRar</Filter>
    </None>
    <None Include="..\..\unrar\license.txt">
      <Filter>UnRar</Filter>
    </None>
    <None Include="..\..\unrar\readme.txt">
      <Filter>UnRar</Filter>
    </None>
    <None Include="..\..\unrar\technote.txt">
      <Filter>UnRar</Filter>
    </None>
    <None Include="..\..\unrar\whatsnew.txt">
      <Filter>UnRar</Filter>
    </None>
  </ItemGroup>
  <ItemGroup>
    <Filter Include="7-Zip">
      <UniqueIdentifier>{9e0b3a4b-81d0-480f-80c2-dc00ee34005a}</UniqueIdentifier>
    </Filter>
    <Filter Include="7-Zip\Source Files">
      <UniqueIdentifier>{9c614224-6fb3-479a-ba5d-d2ec9d9fb011}</UniqueIdentifier>
    </Filter>
    <Filter Include="7-Zip\Header Files">
      <UniqueIdentifier>{9622746e-85b5-4873-9f7d-7b17a26d6b2a}</UniqueIdentifier>
    </Filter>
    <Filter Include="Header Files">
      <UniqueIdentifier>{c1f0f6f3-ec7b-4575-9160-d638ddd5736b}</UniqueIdentifier>
    </Filter>
    <Filter Include="Source Files">
      <UniqueIdentifier>{e0ae07be-59e7-45e4-8b28-5a377c708f6a}</UniqueIdentifier>
    </Filter>
    <Filter Include="UnRar">
      <UniqueIdentifier>{f61126bf-a904-46b9-ad0b-e7a6aaf0e8ec}</UniqueIdentifier>
    </Filter>
    <Filter Include="UnRar\Header Files">
      <UniqueIdentifier>{b7ea847e-1e02-4103-b117-9539cfaeeca5}</UniqueIdentifier>
    </Filter>
    <Filter Include="UnRar\Source Files">
      <UniqueIdentifier>{18fb02df-6501-4244-b19d-6c16e7115f12}</UniqueIdentifier>
    </Filter>
    <Filter Include="7-Zip\Header Files\Win32">
      <UniqueIdentifier>{ea826f3e-f51e-478c-b1b2-474e86a2c0aa}</UniqueIdentifier>
    </Filter>
    <Filter Include="7-Zip\Source Files\Win32">
      <UniqueIdentifier>{4b9a51e7-23e4-4b13-95e2-5441c879c8da}</UniqueIdentifier>
    </Filter>
  </ItemGroup>
</Project>